
Microsoft Visual Studio Solution File, Format Version 12.00
# Visual Studio Version 17
VisualStudioVersion = 17.8.34330.188
MinimumVisualStudioVersion = 10.0.40219.1
Project("{FAE04EC0-301F-11D3-BF4B-00C04F79EFBC}") = "TaskWPF", "TaskWPF.csproj", "{BB3C084E-F315-470A-986C-7B6FF91CF1AB}"
EndProject
Global
	GlobalSection(SolutionConfigurationPlatforms) = preSolution
		Debug|Any CPU = Debug|Any CPU
		Release|Any CPU = Release|Any CPU
	EndGlobalSection
	GlobalSection(ProjectConfigurationPlatforms) = postSolution
		{BB3C084E-F315-470A-986C-7B6FF91CF1AB}.Debug|Any CPU.ActiveCfg = Debug|Any CPU
		{BB3C084E-F315-470A-986C-7B6FF91CF1AB}.Debug|Any CPU.Build.0 = Debug|Any CPU
		{BB3C084E-F315-470A-986C-7B6FF91CF1AB}.Release|Any CPU.ActiveCfg = Release|Any CPU
		{BB3C084E-F315-470A-986C-7B6FF91CF1AB}.Release|Any CPU.Build.0 = Release|Any CPU
	EndGlobalSection
	GlobalSection(SolutionProperties) = preSolution
		HideSolutionNode = FALSE
	EndGlobalSection
	GlobalSection(ExtensibilityGlobals) = postSolution
		SolutionGuid = {02004BFD-84B5-4DBC-BCCC-CA5BFEF809D4}
	EndGlobalSection
EndGlobal
